
Microsoft Visual Studio Solution File, Format Version 12.00
# Visual Studio Version 17
VisualStudioVersion = 17.0.32014.148
MinimumVisualStudioVersion = 10.0.40219.1
Project("{FAE04EC0-301F-11D3-BF4B-00C04F79EFBC}") = "MusicPlayer", "MusicPlayer.csproj", "{3B3DD720-14CD-4A4F-AB8C-F87957CE42E4}"
EndProject
Project("{54435603-DBB4-11D2-8724-00A0C9A8B90C}") = "SetupMusicPlayer", "..\SetupMusicPlayer\SetupMusicPlayer.vdproj", "{B2C66081-F5AB-482E-A1D1-CA87E319631A}"
EndProject
Global
	GlobalSection(SolutionConfigurationPlatforms) = preSolution
		Debug|Any CPU = Debug|Any CPU
		Release|Any CPU = Release|Any CPU
	EndGlobalSection
	GlobalSection(ProjectConfigurationPlatforms) = postSolution
		{3B3DD720-14CD-4A4F-AB8C-F87957CE42E4}.Debug|Any CPU.ActiveCfg = Debug|Any CPU
		{3B3DD720-14CD-4A4F-AB8C-F87957CE42E4}.Debug|Any CPU.Build.0 = Debug|Any CPU
		{3B3DD720-14CD-4A4F-AB8C-F87957CE42E4}.Release|Any CPU.ActiveCfg = Release|Any CPU
		{3B3DD720-14CD-4A4F-AB8C-F87957CE42E4}.Release|Any CPU.Build.0 = Release|Any CPU
		{B2C66081-F5AB-482E-A1D1-CA87E319631A}.Debug|Any CPU.ActiveCfg = Debug
		{B2C66081-F5AB-482E-A1D1-CA87E319631A}.Release|Any CPU.ActiveCfg = Release
	EndGlobalSection
	GlobalSection(SolutionProperties) = preSolution
		HideSolutionNode = FALSE
	EndGlobalSection
	GlobalSection(ExtensibilityGlobals) = postSolution
		SolutionGuid = {BAD597A0-AAE4-4BDE-9069-3BB4B2549CA2}
	EndGlobalSection
EndGlobal
